
Microsoft Visual Studio Solution File, Format Version 12.00
# Visual Studio Version 17
VisualStudioVersion = 17.1.31911.260
MinimumVisualStudioVersion = 10.0.40219.1
Project("{9A19103F-16F7-4668-BE54-9A1E7A4F7556}") = "CZ.Azure.FileExchange", "src\CZ.Azure.FileExchange\CZ.Azure.FileExchange.csproj", "{F5DB4425-80C4-4553-9605-37AE82648AC8}"
	ProjectSection(ProjectDependencies) = postProject
		{249DF799-1F70-42DD-9508-1C3F44FD0227} = {249DF799-1F70-42DD-9508-1C3F44FD0227}
	EndProjectSection
EndProject
Project("{9A19103F-16F7-4668-BE54-9A1E7A4F7556}") = "CZ.Azure.FileExchange.Api", "src\CZ.Azure.FileExchange.Api\CZ.Azure.FileExchange.Api.csproj", "{249DF799-1F70-42DD-9508-1C3F44FD0227}"
EndProject
Project("{2150E333-8FDC-42A3-9474-1A3956D46DE8}") = "Solution Items", "Solution Items", "{EB741972-8D2F-4D7F-A51A-A5ED45914AE1}"
	ProjectSection(SolutionItems) = preProject
		.gitignore = .gitignore
		azure-pipelines.yml = azure-pipelines.yml
		global.json = global.json
		main.bicep = main.bicep
		Readme.md = Readme.md
	EndProjectSection
EndProject
Global
	GlobalSection(SolutionConfigurationPlatforms) = preSolution
		Debug|Any CPU = Debug|Any CPU
		Release|Any CPU = Release|Any CPU
	EndGlobalSection
	GlobalSection(ProjectConfigurationPlatforms) = postSolution
		{F5DB4425-80C4-4553-9605-37AE82648AC8}.Debug|Any CPU.ActiveCfg = Debug|Any CPU
		{F5DB4425-80C4-4553-9605-37AE82648AC8}.Debug|Any CPU.Build.0 = Debug|Any CPU
		{F5DB4425-80C4-4553-9605-37AE82648AC8}.Release|Any CPU.ActiveCfg = Release|Any CPU
		{F5DB4425-80C4-4553-9605-37AE82648AC8}.Release|Any CPU.Build.0 = Release|Any CPU
		{249DF799-1F70-42DD-9508-1C3F44FD0227}.Debug|Any CPU.ActiveCfg = Debug|Any CPU
		{249DF799-1F70-42DD-9508-1C3F44FD0227}.Debug|Any CPU.Build.0 = Debug|Any CPU
		{249DF799-1F70-42DD-9508-1C3F44FD0227}.Release|Any CPU.ActiveCfg = Release|Any CPU
		{249DF799-1F70-42DD-9508-1C3F44FD0227}.Release|Any CPU.Build.0 = Release|Any CPU
	EndGlobalSection
	GlobalSection(SolutionProperties) = preSolution
		HideSolutionNode = FALSE
	EndGlobalSection
	GlobalSection(ExtensibilityGlobals) = postSolution
		SolutionGuid = {BD282883-5D6E-4118-A8F3-8D25A855803E}
	EndGlobalSection
EndGlobal
